
Microsoft Visual Studio Solution File, Format Version 12.00
# Visual Studio 15
VisualStudioVersion = 15.0.26621.2
MinimumVisualStudioVersion = 10.0.40219.1
Project("{FAE04EC0-301F-11D3-BF4B-00C04F79EFBC}") = "Mongoizer.Core", "Mongoizer.Core\Mongoizer.Core.csproj", "{46243641-CBF4-4EBB-A562-628C2AA2C690}"
EndProject
Project("{FAE04EC0-301F-11D3-BF4B-00C04F79EFBC}") = "Mongoizer.Domain", "Mongoizer.Domain\Mongoizer.Domain.csproj", "{406D89ED-C017-4162-87F3-16963D2FDE4D}"
EndProject
Project("{FAE04EC0-301F-11D3-BF4B-00C04F79EFBC}") = "Mongoizer.Tests", "Mongoizer.Tests\Mongoizer.Tests.csproj", "{940C56F4-B746-44FB-B089-A241D8EF63BA}"
EndProject
Global
	GlobalSection(SolutionConfigurationPlatforms) = preSolution
		Debug|Any CPU = Debug|Any CPU
		Release|Any CPU = Release|Any CPU
	EndGlobalSection
	GlobalSection(ProjectConfigurationPlatforms) = postSolution
		{46243641-CBF4-4EBB-A562-628C2AA2C690}.Debug|Any CPU.ActiveCfg = Debug|Any CPU
		{46243641-CBF4-4EBB-A562-628C2AA2C690}.Debug|Any CPU.Build.0 = Debug|Any CPU
		{46243641-CBF4-4EBB-A562-628C2AA2C690}.Release|Any CPU.ActiveCfg = Release|Any CPU
		{46243641-CBF4-4EBB-A562-628C2AA2C690}.Release|Any CPU.Build.0 = Release|Any CPU
		{406D89ED-C017-4162-87F3-16963D2FDE4D}.Debug|Any CPU.ActiveCfg = Debug|Any CPU
		{406D89ED-C017-4162-87F3-16963D2FDE4D}.Debug|Any CPU.Build.0 = Debug|Any CPU
		{406D89ED-C017-4162-87F3-16963D2FDE4D}.Release|Any CPU.ActiveCfg = Release|Any CPU
		{406D89ED-C017-4162-87F3-16963D2FDE4D}.Release|Any CPU.Build.0 = Release|Any CPU
		{940C56F4-B746-44FB-B089-A241D8EF63BA}.Debug|Any CPU.ActiveCfg = Debug|Any CPU
		{940C56F4-B746-44FB-B089-A241D8EF63BA}.Debug|Any CPU.Build.0 = Debug|Any CPU
		{940C56F4-B746-44FB-B089-A241D8EF63BA}.Release|Any CPU.ActiveCfg = Release|Any CPU
		{940C56F4-B746-44FB-B089-A241D8EF63BA}.Release|Any CPU.Build.0 = Release|Any CPU
	EndGlobalSection
	GlobalSection(SolutionProperties) = preSolution
		HideSolutionNode = FALSE
	EndGlobalSection
	GlobalSection(ExtensibilityGlobals) = postSolution
		SolutionGuid = {363E0C45-C045-4759-92FF-B64A2CE81B01}
	EndGlobalSection
EndGlobal
